<?xml version="1.0" encoding="utf-8"?>
<Project ToolsVersion="4.0" xmlns="http://schemas.microsoft.com/developer/msbuild/2003">
  <ItemGroup>
    <Filter Include="Pliki nagłówkowe">
      <UniqueIdentifier>{93995380-89BD-4b04-88EB-625FBE52EBFB}</UniqueIdentifier>
      <Extensions>h;hh;hpp;hxx;hm;inl;inc;ipp;xsd</Extensions>
    </Filter>
    <Filter Include="Pliki zasobów">
      <UniqueIdentifier>{67DA6AB6-F800-4c08-8B7A-83BB121AAD01}</UniqueIdentifier>
      <Extensions>rc;ico;cur;bmp;dlg;rc2;rct;bin;rgs;gif;jpg;jpeg;jpe;resx;tiff;tif;png;wav;mfcribbon-ms</Extensions>
    </Filter>
    <Filter Include="System">
      <UniqueIdentifier>{9f64afa2-fc96-4027-ad8a-b1a845c559d7}</UniqueIdentifier>
    </Filter>
    <Filter Include="BaseObjects">
      <UniqueIdentifier>{5f81c8ec-0d28-4f28-9591-de2494f369b4}</UniqueIdentifier>
    </Filter>
    <Filter Include="OldObjects">
      <UniqueIdentifier>{12abe69b-122e-4341-b88f-124a5e1e8b6d}</UniqueIdentifier>
    </Filter>
    <Filter Include="OldObjects\Headers">
      <UniqueIdentifier>{24afa3fd-a0d3-4cf6-9c9a-d29ff41452c2}</UniqueIdentifier>
    </Filter>
    <Filter Include="OldObjects\Sources">
      <UniqueIdentifier>{2d609f56-628b-4095-adb9-5f501e5a0a35}</UniqueIdentifier>
    </Filter>
    <Filter Include="Managers">
      <UniqueIdentifier>{c38ef7de-5c4d-4db1-a9f9-57512b0410b7}</UniqueIdentifier>
    </Filter>
    <Filter Include="Math">
      <UniqueIdentifier>{bb2b9136-cc25-436a-bb75-9fbd9c951928}</UniqueIdentifier>
    </Filter>
    <Filter Include="Objects">
      <UniqueIdentifier>{7fe5fed2-09e0-4f21-a02f-44e22bd22bc8}</UniqueIdentifier>
    </Filter>
    <Filter Include="Objects\Shapes">
      <UniqueIdentifier>{0bf689dc-8035-4966-9875-5b1be1f1f08c}</UniqueIdentifier>
    </Filter>
    <Filter Include="Objects\Rover">
      <UniqueIdentifier>{91369ab7-426c-4955-9450-fac670ed7f54}</UniqueIdentifier>
    </Filter>
  </ItemGroup>
  <ItemGroup>
    <ClCompile Include="source.cpp">
      <Filter>System</Filter>
    </ClCompile>
    <ClCompile Include="Body.cpp">
      <Filter>OldObjects\Sources</Filter>
    </ClCompile>
    <ClCompile Include="Circle.cpp">
      <Filter>OldObjects\Sources</Filter>
    </ClCompile>
    <ClCompile Include="Part.cpp">
      <Filter>OldObjects\Sources</Filter>
    </ClCompile>
    <ClCompile Include="Rover.cpp">
      <Filter>OldObjects\Sources</Filter>
    </ClCompile>
    <ClCompile Include="Sphere.cpp">
      <Filter>OldObjects\Sources</Filter>
    </ClCompile>
    <ClCompile Include="Wheel.cpp">
      <Filter>OldObjects\Sources</Filter>
    </ClCompile>
  </ItemGroup>
  <ItemGroup>
    <None Include="..\RESOURCE.APS">
      <Filter>Pliki zasobów</Filter>
    </None>
  </ItemGroup>
  <ItemGroup>
    <ClInclude Include="..\RESOURCE.H">
      <Filter>Pliki nagłówkowe</Filter>
    </ClInclude>
    <ClInclude Include="Renderer.h">
      <Filter>System</Filter>
    </ClInclude>
    <ClInclude Include="Part.h">
      <Filter>OldObjects\Headers</Filter>
    </ClInclude>
    <ClInclude Include="Circle.h">
      <Filter>OldObjects\Headers</Filter>
    </ClInclude>
    <ClInclude Include="Body.h">
      <Filter>OldObjects\Headers</Filter>
    </ClInclude>
    <ClInclude Include="Rover.h">
      <Filter>OldObjects\Headers</Filter>
    </ClInclude>
    <ClInclude Include="Sphere.h">
      <Filter>OldObjects\Headers</Filter>
    </ClInclude>
    <ClInclude Include="Wheel.h">
      <Filter>OldObjects\Headers</Filter>
    </ClInclude>
    <ClInclude Include="Entity.h">
      <Filter>BaseObjects</Filter>
    </ClInclude>
    <ClInclude Include="InputManager.h">
      <Filter>Managers</Filter>
    </ClInclude>
    <ClInclude Include="M33.h">
      <Filter>Math</Filter>
    </ClInclude>
    <ClInclude Include="Quat.h">
      <Filter>Math</Filter>
    </ClInclude>
    <ClInclude Include="Vec2.h">
      <Filter>Math</Filter>
    </ClInclude>
    <ClInclude Include="Vec3.h">
      <Filter>Math</Filter>
    </ClInclude>
    <ClInclude Include="ColorF.h">
      <Filter>Math</Filter>
    </ClInclude>
    <ClInclude Include="IScene.h">
      <Filter>BaseObjects</Filter>
    </ClInclude>
    <ClInclude Include="Geom.h">
      <Filter>BaseObjects</Filter>
    </ClInclude>
    <ClInclude Include="Shape.h">
      <Filter>BaseObjects</Filter>
    </ClInclude>
    <ClInclude Include="Disc.h">
      <Filter>Objects\Shapes</Filter>
    </ClInclude>
    <ClInclude Include="Vertex.h">
      <Filter>BaseObjects</Filter>
    </ClInclude>
    <ClInclude Include="RoverX.h">
      <Filter>Objects\Rover</Filter>
    </ClInclude>
    <ClInclude Include="WheelX.h">
      <Filter>Objects\Rover</Filter>
    </ClInclude>
    <ClInclude Include="Cuboid.h">
      <Filter>Objects\Shapes</Filter>
    </ClInclude>
    <ClInclude Include="Rect.h">
      <Filter>Objects\Shapes</Filter>
    </ClInclude>
  </ItemGroup>
</Project>