
Microsoft Visual Studio Solution File, Format Version 12.00
# Visual Studio 15
VisualStudioVersion = 15.0.28307.329
MinimumVisualStudioVersion = 10.0.40219.1
Project("{8BC9CEB8-8B4A-11D0-8D11-00A0C91BC942}") = "Rover", "Rover\Rover.vcxproj", "{B388E134-E9B3-4901-9902-277B15E26745}"
EndProject
Global
	GlobalSection(SolutionConfigurationPlatforms) = preSolution
		Debug|x64 = Debug|x64
		Debug|x86 = Debug|x86
		Release|x64 = Release|x64
		Release|x86 = Release|x86
	EndGlobalSection
	GlobalSection(ProjectConfigurationPlatforms) = postSolution
		{B388E134-E9B3-4901-9902-277B15E26745}.Debug|x64.ActiveCfg = Debug|x64
		{B388E134-E9B3-4901-9902-277B15E26745}.Debug|x64.Build.0 = Debug|x64
		{B388E134-E9B3-4901-9902-277B15E26745}.Debug|x86.ActiveCfg = Debug|Win32
		{B388E134-E9B3-4901-9902-277B15E26745}.Debug|x86.Build.0 = Debug|Win32
		{B388E134-E9B3-4901-9902-277B15E26745}.Release|x64.ActiveCfg = Release|x64
		{B388E134-E9B3-4901-9902-277B15E26745}.Release|x64.Build.0 = Release|x64
		{B388E134-E9B3-4901-9902-277B15E26745}.Release|x86.ActiveCfg = Release|Win32
		{B388E134-E9B3-4901-9902-277B15E26745}.Release|x86.Build.0 = Release|Win32
	EndGlobalSection
	GlobalSection(SolutionProperties) = preSolution
		HideSolutionNode = FALSE
	EndGlobalSection
	GlobalSection(ExtensibilityGlobals) = postSolution
		SolutionGuid = {EA22F252-492D-473E-B59C-64FD22DE8DBC}
	EndGlobalSection
EndGlobal
